{
  "name": "demo01",
  "version": "1.0.0",
  "lockfileVersion": 1,
  "requires": true,
  "dependencies": {
    "egg": {
      "version": "2.23.0",
      "resolved": "https://registry.npmjs.org/egg/-/egg-2.23.0.tgz",
      "integrity": "sha512-YNzqCwNECgiq7TCQZETL8i/m69SAPoIAD+IXLD4glm8z6Y/jwa9yMIl4TpPe5X//JOOBUr1ieI4h+PONEBRZ2g=="
    },
    "egg-bin": {
      "version": "4.13.2",
      "resolved": "https://registry.npmjs.org/egg-bin/-/egg-bin-4.13.2.tgz",
      "integrity": "sha512-xyOpwV9GPRuXhsWwUh0RT/OUEhXqNM4mJh7TzJYoEbyo+NM2LE18wzYRwnN1VWUyx29mZjwxAORmYynXhgqgSw==",
      "dev": true,
      "dependencies": {
        "ansi-colors": {
          "version": "3.2.3",
          "resolved": "https://registry.npmjs.org/ansi-colors/-/ansi-colors-3.2.3.tgz",
          "integrity": "sha512-LEHHyuhlPY3TmuUYMh2oz89lTShfvgbmzaBcxve9t/9Wuy7Dwf4yoAKcND7KFT1HAQfqZ12qtc+DUrBMeKF9nw=="
        },
        "ansi-regex": {
          "version": "4.1.0",
          "resolved": "https://registry.npmjs.org/ansi-regex/-/ansi-regex-4.1.0.tgz",
          "integrity": "sha512-1apePfXM1UOSqw0o9IiFAovVz9M5S1Dg+4TrDwfMewQ6p/rmMueb7tWZjQ1rx4Loy1ArBggoqGpfqqdI4rondg=="
        },
        "cliui": {
          "version": "5.0.0",
          "resolved": "https://registry.npmjs.org/cliui/-/cliui-5.0.0.tgz",
          "integrity": "sha512-PYeGSEmmHM6zvoef2w8TPzlrnNpXIjTipYK780YswmIP9vjxmd6Y2a3CB2Ks6/AU8NHjZugXvo8w3oWM2qnwXA=="
        },
        "egg-ts-helper": {
          "version": "1.25.6",
          "resolved": "https://registry.npmjs.org/egg-ts-helper/-/egg-ts-helper-1.25.6.tgz",
          "integrity": "sha512-UcTBAyKf6hFOxr/Ra6L2ia4U1v7Pn4r0U7TUS5xe621uv9Erk7gGwqqrIq70OeSar/SWeIUEj81tGammhBUdRA==",
          "dependencies": {
            "debug": {
              "version": "3.2.6",
              "resolved": "https://registry.npmjs.org/debug/-/debug-3.2.6.tgz",
              "integrity": "sha512-mel+jf7nrtEl5Pn1Qx46zARXKDpBbvzezse7p7LqINmdoIk8PYP5SySaxEmYv6TZ0JyEKA1hsCId6DIhgITtWQ=="
            },
            "globby": {
              "version": "8.0.2",
              "resolved": "https://registry.npmjs.org/globby/-/globby-8.0.2.tgz",
              "integrity": "sha512-yTzMmKygLp8RUpG1Ymu2VXPSJQZjNAZPD4ywgYEaG7e4tBJeUQBO8OpXrf1RCNcEs5alsoJYPAMiIHP0cmeC7w=="
            }
          }
        },
        "get-caller-file": {
          "version": "2.0.5",
          "resolved": "https://registry.npmjs.org/get-caller-file/-/get-caller-file-2.0.5.tgz",
          "integrity": "sha512-DyFP3BM/3YHTQOCUL/w0OZHR0lpKeGrxotcHWcqNEdnltqFwXVfhEBQ94eIo34AfQpo0rGki4cyIiftY06h2Fg=="
        },
        "globby": {
          "version": "9.2.0",
          "resolved": "https://registry.npmjs.org/globby/-/globby-9.2.0.tgz",
          "integrity": "sha512-ollPHROa5mcxDEkwg6bPt3QbEf4pDQSNtd6JPL1YvOvAo/7/0VAm9TccUeoTmarjPw4pfUthSCqcyfNB1I3ZSg==",
          "dependencies": {
            "dir-glob": {
              "version": "2.2.2",
              "resolved": "https://registry.npmjs.org/dir-glob/-/dir-glob-2.2.2.tgz",
              "integrity": "sha512-f9LBi5QWzIW3I6e//uxZoLBlUt9kcp66qo0sSCxL6YZKc75R1c4MFCoe/LaZiBGmgujvQdxc5Bn3QhfyvK5Hsw=="
            },
            "ignore": {
              "version": "4.0.6",
              "resolved": "https://registry.npmjs.org/ignore/-/ignore-4.0.6.tgz",
              "integrity": "sha512-cyFDKrqc/YdcWFniJhzI42+AzS+gNwmUzOSFcRCQYwySuBBBy/KjuxWLZ/FHEH6Moq1NizMOBWyTcv8O4OZIMg=="
            },
            "pify": {
              "version": "4.0.1",
              "resolved": "https://registry.npmjs.org/pify/-/pify-4.0.1.tgz",
              "integrity": "sha512-uB80kBFb/tfd68bVleG9T5GGsGPjJrLAUpR5PZIrhBnIaRTQRjqdJSsIKkOP6OAIFbj7GOrcudc5pNjZ+geV2g=="
            },
            "slash": {
              "version": "2.0.0",
              "resolved": "https://registry.npmjs.org/slash/-/slash-2.0.0.tgz",
              "integrity": "sha512-ZYKh3Wh2z1PpEXWr0MpSBZ0V6mZHAQfYevttO11c51CaWjGTaadiKZ+wVt1PbMlDV5qhMFslpZCemhwOK7C89A=="
            }
          }
        },
        "mocha": {
          "version": "6.2.1",
          "resolved": "https://registry.npmjs.org/mocha/-/mocha-6.2.1.tgz",
          "integrity": "sha512-VCcWkLHwk79NYQc8cxhkmI8IigTIhsCwZ6RTxQsqK6go4UvEhzJkYuHm8B2YtlSxcYq2fY+ucr4JBwoD6ci80A==",
          "dependencies": {
            "debug": {
              "version": "3.2.6",
              "resolved": "https://registry.npmjs.org/debug/-/debug-3.2.6.tgz",
              "integrity": "sha512-mel+jf7nrtEl5Pn1Qx46zARXKDpBbvzezse7p7LqINmdoIk8PYP5SySaxEmYv6TZ0JyEKA1hsCId6DIhgITtWQ=="
            },
            "glob": {
              "version": "7.1.3",
              "resolved": "https://registry.npmjs.org/glob/-/glob-7.1.3.tgz",
              "integrity": "sha512-vcfuiIxogLV4DlGBHIUOwI0IbrJ8HWPc4MU7HzviGeNho/UJDfi6B5p3sHeWIQ0KGIU0Jpxi5ZHxemQfLkkAwQ=="
            },
            "ms": {
              "version": "2.1.1",
              "resolved": "https://registry.npmjs.org/ms/-/ms-2.1.1.tgz",
              "integrity": "sha512-tgp+dl5cGk28utYktBsrFqA7HKgrhgPsg6Z/EfhWI4gl1Hwq8B/GmY/0oXZ6nF8hDVesS/FpnYaD/kOWhYQvyg=="
            }
          }
        },
        "require-main-filename": {
          "version": "2.0.0",
          "resolved": "https://registry.npmjs.org/require-main-filename/-/require-main-filename-2.0.0.tgz",
          "integrity": "sha512-NKN5kMDylKuldxYLSUfrbo5Tuzh4hd+2E8NPPX02mZtn1VuREQToYe/ZdlJy+J3uCpfaiGF05e7B8W0iXbQHmg=="
        },
        "semver": {
          "version": "6.3.0",
          "resolved": "https://registry.npmjs.org/semver/-/semver-6.3.0.tgz",
          "integrity": "sha512-b39TBaTSfV6yBrapU89p5fKekE2m/NwnDocOVruQFS1/veMgdzuPcnOM34M6CwxW8jH/lxEa5rBoDeUwu5HHTw=="
        },
        "string-width": {
          "version": "3.1.0",
          "resolved": "https://registry.npmjs.org/string-width/-/string-width-3.1.0.tgz",
          "integrity": "sha512-vafcv6KjVZKSgz06oM/H6GDBrAtz8vdhQakGjFIvNrHA6y3HCF1CInLy+QLq8dTJPQ1b+KDUqDFctkdRW44e1w=="
        },
        "strip-ansi": {
          "version": "5.2.0",
          "resolved": "https://registry.npmjs.org/strip-ansi/-/strip-ansi-5.2.0.tgz",
          "integrity": "sha512-DuRs1gKbBqsMKIZlrffwlug8MHkcnpjs5VPmL1PAh+mA30U0DTotfDZ0d2UUsXpPmPmMMJ6W773MaA3J+lbiWA=="
        },
        "supports-color": {
          "version": "6.0.0",
          "resolved": "https://registry.npmjs.org/supports-color/-/supports-color-6.0.0.tgz",
          "integrity": "sha512-on9Kwidc1IUQo+bQdhi8+Tijpo0e1SS6RoGo2guUwn5vdaxw8RXOF9Vb2ws+ihWOmh4JnCJOvaziZWP1VABaLg=="
        },
        "wrap-ansi": {
          "version": "5.1.0",
          "resolved": "https://registry.npmjs.org/wrap-ansi/-/wrap-ansi-5.1.0.tgz",
          "integrity": "sha512-QC1/iN/2/RPVJ5jYK8BGttj5z83LmSKmvbvrXPNCLZSEb32KKVDJDl/MOt2N01qU2H/FkzEa9PKto1BqDjtd7Q=="
        },
        "yargs": {
          "version": "13.3.0",
          "resolved": "https://registry.npmjs.org/yargs/-/yargs-13.3.0.tgz",
          "integrity": "sha512-2eehun/8ALW8TLoIl7MVaRUrg+yCnenu8B4kBlRxj3GJGDKU1Og7sMXPNm1BYyM1DOJmTZ4YeN/Nwxv+8XJsUA=="
        },
        "yargs-parser": {
          "version": "13.1.1",
          "resolved": "https://registry.npmjs.org/yargs-parser/-/yargs-parser-13.1.1.tgz",
          "integrity": "sha512-oVAVsHz6uFrg3XQheFII8ESO2ssAf9luWuAd6Wexsu4F3OtIW0o8IribPXYrD4WC24LWtPrJlGy87y5udK+dxQ=="
        }
      }
    },
    "egg-view-nunjucks": {
      "version": "2.2.0",
      "resolved": "https://registry.npmjs.org/egg-view-nunjucks/-/egg-view-nunjucks-2.2.0.tgz",
      "integrity": "sha512-csuqQSFRpR1G+nu8OxDgHDba1v8RVJ8i4fadX66o73mnclKN6EXPdX9c9igegPeXXucUdDAPAHfJo6nZMJaghw=="
    },
    "moment": {
      "version": "2.29.2",
      "resolved": "https://registry.npmjs.org/moment/-/moment-2.29.2.tgz",
      "integrity": "sha512-UgzG4rvxYpN15jgCmVJwac49h9ly9NurikMWGPdVxm8GZD6XjkKPxDTjQQ43gtGgnV3X0cAyWDdP2Wexoquifg=="
    }
  }
}
